
Microsoft Visual Studio Solution File, Format Version 12.00
# Visual Studio 15
VisualStudioVersion = 15.0.28307.572
MinimumVisualStudioVersion = 10.0.40219.1
Project("{FAE04EC0-301F-11D3-BF4B-00C04F79EFBC}") = "Boomerang Creative", "Boomerang Creative\Boomerang Creative.csproj", "{9D4D5785-B32B-4F72-8CC6-0C2F2BCA4908}"
EndProject
Global
	GlobalSection(SolutionConfigurationPlatforms) = preSolution
		Debug|Any CPU = Debug|Any CPU
		Release|Any CPU = Release|Any CPU
	EndGlobalSection
	GlobalSection(ProjectConfigurationPlatforms) = postSolution
		{9D4D5785-B32B-4F72-8CC6-0C2F2BCA4908}.Debug|Any CPU.ActiveCfg = Debug|Any CPU
		{9D4D5785-B32B-4F72-8CC6-0C2F2BCA4908}.Debug|Any CPU.Build.0 = Debug|Any CPU
		{9D4D5785-B32B-4F72-8CC6-0C2F2BCA4908}.Release|Any CPU.ActiveCfg = Release|Any CPU
		{9D4D5785-B32B-4F72-8CC6-0C2F2BCA4908}.Release|Any CPU.Build.0 = Release|Any CPU
	EndGlobalSection
	GlobalSection(SolutionProperties) = preSolution
		HideSolutionNode = FALSE
	EndGlobalSection
	GlobalSection(ExtensibilityGlobals) = postSolution
		SolutionGuid = {4DA5891A-8F17-4432-828C-AD95E051A992}
	EndGlobalSection
EndGlobal
